
Microsoft Visual Studio Solution File, Format Version 12.00
# Visual Studio 15
VisualStudioVersion = 15.0.27428.2002
MinimumVisualStudioVersion = 10.0.40219.1
Project("{FAE04EC0-301F-11D3-BF4B-00C04F79EFBC}") = "YouLearn.Domain", "YouLearn.Domain\YouLearn.Domain.csproj", "{6D4FB9AF-35F2-4D82-9EF5-6673E4EC226B}"
EndProject
Project("{FAE04EC0-301F-11D3-BF4B-00C04F79EFBC}") = "YouLearn.Infra", "YouLearn.Infra\YouLearn.Infra.csproj", "{95F853F5-B627-42BD-BFC0-339F113AE547}"
EndProject
Project("{FAE04EC0-301F-11D3-BF4B-00C04F79EFBC}") = "YouLearn.Shared", "YouLearn.Shared\YouLearn.Shared.csproj", "{9691F194-8B7E-4DE4-8B0D-892EB9F7FFF1}"
EndProject
Project("{FAE04EC0-301F-11D3-BF4B-00C04F79EFBC}") = "YouLearn.Api", "YouLearn.Api\YouLearn.Api.csproj", "{C0E82C1E-C414-4245-AE25-B9F40BAC80AA}"
EndProject
Global
	GlobalSection(SolutionConfigurationPlatforms) = preSolution
		Debug|Any CPU = Debug|Any CPU
		Release|Any CPU = Release|Any CPU
	EndGlobalSection
	GlobalSection(ProjectConfigurationPlatforms) = postSolution
		{6D4FB9AF-35F2-4D82-9EF5-6673E4EC226B}.Debug|Any CPU.ActiveCfg = Debug|Any CPU
		{6D4FB9AF-35F2-4D82-9EF5-6673E4EC226B}.Debug|Any CPU.Build.0 = Debug|Any CPU
		{6D4FB9AF-35F2-4D82-9EF5-6673E4EC226B}.Release|Any CPU.ActiveCfg = Release|Any CPU
		{6D4FB9AF-35F2-4D82-9EF5-6673E4EC226B}.Release|Any CPU.Build.0 = Release|Any CPU
		{95F853F5-B627-42BD-BFC0-339F113AE547}.Debug|Any CPU.ActiveCfg = Debug|Any CPU
		{95F853F5-B627-42BD-BFC0-339F113AE547}.Debug|Any CPU.Build.0 = Debug|Any CPU
		{95F853F5-B627-42BD-BFC0-339F113AE547}.Release|Any CPU.ActiveCfg = Release|Any CPU
		{95F853F5-B627-42BD-BFC0-339F113AE547}.Release|Any CPU.Build.0 = Release|Any CPU
		{9691F194-8B7E-4DE4-8B0D-892EB9F7FFF1}.Debug|Any CPU.ActiveCfg = Debug|Any CPU
		{9691F194-8B7E-4DE4-8B0D-892EB9F7FFF1}.Debug|Any CPU.Build.0 = Debug|Any CPU
		{9691F194-8B7E-4DE4-8B0D-892EB9F7FFF1}.Release|Any CPU.ActiveCfg = Release|Any CPU
		{9691F194-8B7E-4DE4-8B0D-892EB9F7FFF1}.Release|Any CPU.Build.0 = Release|Any CPU
		{C0E82C1E-C414-4245-AE25-B9F40BAC80AA}.Debug|Any CPU.ActiveCfg = Debug|Any CPU
		{C0E82C1E-C414-4245-AE25-B9F40BAC80AA}.Debug|Any CPU.Build.0 = Debug|Any CPU
		{C0E82C1E-C414-4245-AE25-B9F40BAC80AA}.Release|Any CPU.ActiveCfg = Release|Any CPU
		{C0E82C1E-C414-4245-AE25-B9F40BAC80AA}.Release|Any CPU.Build.0 = Release|Any CPU
	EndGlobalSection
	GlobalSection(SolutionProperties) = preSolution
		HideSolutionNode = FALSE
	EndGlobalSection
	GlobalSection(ExtensibilityGlobals) = postSolution
		SolutionGuid = {16F57E36-38E9-4072-9707-D27BA2D0BCAD}
	EndGlobalSection
EndGlobal
